
Microsoft Visual Studio Solution File, Format Version 12.00
# Visual Studio Version 17
VisualStudioVersion = 17.5.002.0
MinimumVisualStudioVersion = 10.0.40219.1
Project("{9A19103F-16F7-4668-BE54-9A1E7A4F7556}") = "Sistema_telefone", "Sistema_telefone.csproj", "{9848DB12-5008-4DEE-91B3-662386DE830A}"
EndProject
Global
	GlobalSection(SolutionConfigurationPlatforms) = preSolution
		Debug|Any CPU = Debug|Any CPU
		Release|Any CPU = Release|Any CPU
	EndGlobalSection
	GlobalSection(ProjectConfigurationPlatforms) = postSolution
		{9848DB12-5008-4DEE-91B3-662386DE830A}.Debug|Any CPU.ActiveCfg = Debug|Any CPU
		{9848DB12-5008-4DEE-91B3-662386DE830A}.Debug|Any CPU.Build.0 = Debug|Any CPU
		{9848DB12-5008-4DEE-91B3-662386DE830A}.Release|Any CPU.ActiveCfg = Release|Any CPU
		{9848DB12-5008-4DEE-91B3-662386DE830A}.Release|Any CPU.Build.0 = Release|Any CPU
	EndGlobalSection
	GlobalSection(SolutionProperties) = preSolution
		HideSolutionNode = FALSE
	EndGlobalSection
	GlobalSection(ExtensibilityGlobals) = postSolution
		SolutionGuid = {B0093AB0-F503-499B-9755-3B72FDE69714}
	EndGlobalSection
EndGlobal
